
Microsoft Visual Studio Solution File, Format Version 12.00
Project("{2150E333-8FDC-42A3-9474-1A3956D46DE8}") = "src", "src", "{116140E0-8A01-44CF-8AE4-7E2C831A21F0}"
EndProject
Project("{FAE04EC0-301F-11D3-BF4B-00C04F79EFBC}") = "Keyset", "src\Keyset\Keyset.csproj", "{03BC987C-26F0-42F1-B9F5-80E28C0E7E0F}"
EndProject
Global
	GlobalSection(SolutionConfigurationPlatforms) = preSolution
		Debug|Any CPU = Debug|Any CPU
		Release|Any CPU = Release|Any CPU
	EndGlobalSection
	GlobalSection(NestedProjects) = preSolution
		{03BC987C-26F0-42F1-B9F5-80E28C0E7E0F} = {116140E0-8A01-44CF-8AE4-7E2C831A21F0}
	EndGlobalSection
	GlobalSection(ProjectConfigurationPlatforms) = postSolution
		{03BC987C-26F0-42F1-B9F5-80E28C0E7E0F}.Debug|Any CPU.ActiveCfg = Debug|Any CPU
		{03BC987C-26F0-42F1-B9F5-80E28C0E7E0F}.Debug|Any CPU.Build.0 = Debug|Any CPU
		{03BC987C-26F0-42F1-B9F5-80E28C0E7E0F}.Release|Any CPU.ActiveCfg = Release|Any CPU
		{03BC987C-26F0-42F1-B9F5-80E28C0E7E0F}.Release|Any CPU.Build.0 = Release|Any CPU
	EndGlobalSection
EndGlobal
